
Microsoft Visual Studio Solution File, Format Version 12.00
# Visual Studio Version 17
VisualStudioVersion = 17.8.34511.84
MinimumVisualStudioVersion = 10.0.40219.1
Project("{FAE04EC0-301F-11D3-BF4B-00C04F79EFBC}") = "ControllersAndActions", "ControllersAndActions\ControllersAndActions.csproj", "{1A004FA7-20AC-4FA9-A717-E39270677F75}"
EndProject
Global
	GlobalSection(SolutionConfigurationPlatforms) = preSolution
		Debug|Any CPU = Debug|Any CPU
		Release|Any CPU = Release|Any CPU
	EndGlobalSection
	GlobalSection(ProjectConfigurationPlatforms) = postSolution
		{1A004FA7-20AC-4FA9-A717-E39270677F75}.Debug|Any CPU.ActiveCfg = Debug|Any CPU
		{1A004FA7-20AC-4FA9-A717-E39270677F75}.Debug|Any CPU.Build.0 = Debug|Any CPU
		{1A004FA7-20AC-4FA9-A717-E39270677F75}.Release|Any CPU.ActiveCfg = Release|Any CPU
		{1A004FA7-20AC-4FA9-A717-E39270677F75}.Release|Any CPU.Build.0 = Release|Any CPU
	EndGlobalSection
	GlobalSection(SolutionProperties) = preSolution
		HideSolutionNode = FALSE
	EndGlobalSection
	GlobalSection(ExtensibilityGlobals) = postSolution
		SolutionGuid = {79C7DF8F-F958-4AF4-A989-751ECED8BC04}
	EndGlobalSection
EndGlobal
